
Microsoft Visual Studio Solution File, Format Version 12.00
# Visual Studio Version 17
VisualStudioVersion = 17.2.32630.192
MinimumVisualStudioVersion = 10.0.40219.1
Project("{FAE04EC0-301F-11D3-BF4B-00C04F79EFBC}") = "CalorieCountingApp", "CalorieCountingApp\CalorieCountingApp.csproj", "{A670ADC1-8EB9-47F3-9DC7-CC35A2BB0136}"
EndProject
Project("{2150E333-8FDC-42A3-9474-1A3956D46DE8}") = "Solution Items", "Solution Items", "{DA48745C-8ED5-46F9-9128-FE2BA13EA238}"
	ProjectSection(SolutionItems) = preProject
		.editorconfig = .editorconfig
	EndProjectSection
EndProject
Project("{FAE04EC0-301F-11D3-BF4B-00C04F79EFBC}") = "CalorieCountingLibrary", "CalorieCountingLibrary\CalorieCountingLibrary.csproj", "{CDAEDB7A-26D4-4E30-9FE2-C43A321DBD63}"
EndProject
Global
	GlobalSection(SolutionConfigurationPlatforms) = preSolution
		Debug|Any CPU = Debug|Any CPU
		Release|Any CPU = Release|Any CPU
	EndGlobalSection
	GlobalSection(ProjectConfigurationPlatforms) = postSolution
		{A670ADC1-8EB9-47F3-9DC7-CC35A2BB0136}.Debug|Any CPU.ActiveCfg = Debug|Any CPU
		{A670ADC1-8EB9-47F3-9DC7-CC35A2BB0136}.Debug|Any CPU.Build.0 = Debug|Any CPU
		{A670ADC1-8EB9-47F3-9DC7-CC35A2BB0136}.Release|Any CPU.ActiveCfg = Release|Any CPU
		{A670ADC1-8EB9-47F3-9DC7-CC35A2BB0136}.Release|Any CPU.Build.0 = Release|Any CPU
		{CDAEDB7A-26D4-4E30-9FE2-C43A321DBD63}.Debug|Any CPU.ActiveCfg = Debug|Any CPU
		{CDAEDB7A-26D4-4E30-9FE2-C43A321DBD63}.Debug|Any CPU.Build.0 = Debug|Any CPU
		{CDAEDB7A-26D4-4E30-9FE2-C43A321DBD63}.Release|Any CPU.ActiveCfg = Release|Any CPU
		{CDAEDB7A-26D4-4E30-9FE2-C43A321DBD63}.Release|Any CPU.Build.0 = Release|Any CPU
	EndGlobalSection
	GlobalSection(SolutionProperties) = preSolution
		HideSolutionNode = FALSE
	EndGlobalSection
	GlobalSection(ExtensibilityGlobals) = postSolution
		SolutionGuid = {7676A5C5-4E1F-4431-A82D-68650A3B1EC1}
	EndGlobalSection
EndGlobal
